
Microsoft Visual Studio Solution File, Format Version 12.00
# Visual Studio 15
VisualStudioVersion = 15.0.28010.2041
MinimumVisualStudioVersion = 10.0.40219.1
Project("{FAE04EC0-301F-11D3-BF4B-00C04F79EFBC}") = "8.8", "8.8\8.8.csproj", "{0EDE3348-404B-4CE2-91AC-FA10FEBA1466}"
EndProject
Global
	GlobalSection(SolutionConfigurationPlatforms) = preSolution
		Debug|Any CPU = Debug|Any CPU
		Release|Any CPU = Release|Any CPU
	EndGlobalSection
	GlobalSection(ProjectConfigurationPlatforms) = postSolution
		{0EDE3348-404B-4CE2-91AC-FA10FEBA1466}.Debug|Any CPU.ActiveCfg = Debug|Any CPU
		{0EDE3348-404B-4CE2-91AC-FA10FEBA1466}.Debug|Any CPU.Build.0 = Debug|Any CPU
		{0EDE3348-404B-4CE2-91AC-FA10FEBA1466}.Release|Any CPU.ActiveCfg = Release|Any CPU
		{0EDE3348-404B-4CE2-91AC-FA10FEBA1466}.Release|Any CPU.Build.0 = Release|Any CPU
	EndGlobalSection
	GlobalSection(SolutionProperties) = preSolution
		HideSolutionNode = FALSE
	EndGlobalSection
	GlobalSection(ExtensibilityGlobals) = postSolution
		SolutionGuid = {EC15712D-E771-4D53-AC1D-951F469E94B5}
	EndGlobalSection
EndGlobal
