
Microsoft Visual Studio Solution File, Format Version 12.00
# Visual Studio 15
VisualStudioVersion = 15.0.28010.2041
MinimumVisualStudioVersion = 10.0.40219.1
Project("{FAE04EC0-301F-11D3-BF4B-00C04F79EFBC}") = "8.6", "8.6\8.6.csproj", "{BAA6F042-CC32-4AE2-81A3-7BEC2B8DBBA2}"
EndProject
Global
	GlobalSection(SolutionConfigurationPlatforms) = preSolution
		Debug|Any CPU = Debug|Any CPU
		Release|Any CPU = Release|Any CPU
	EndGlobalSection
	GlobalSection(ProjectConfigurationPlatforms) = postSolution
		{BAA6F042-CC32-4AE2-81A3-7BEC2B8DBBA2}.Debug|Any CPU.ActiveCfg = Debug|Any CPU
		{BAA6F042-CC32-4AE2-81A3-7BEC2B8DBBA2}.Debug|Any CPU.Build.0 = Debug|Any CPU
		{BAA6F042-CC32-4AE2-81A3-7BEC2B8DBBA2}.Release|Any CPU.ActiveCfg = Release|Any CPU
		{BAA6F042-CC32-4AE2-81A3-7BEC2B8DBBA2}.Release|Any CPU.Build.0 = Release|Any CPU
	EndGlobalSection
	GlobalSection(SolutionProperties) = preSolution
		HideSolutionNode = FALSE
	EndGlobalSection
	GlobalSection(ExtensibilityGlobals) = postSolution
		SolutionGuid = {F1B01672-8228-4636-BA6E-5ABD16BBFA81}
	EndGlobalSection
EndGlobal
