
Microsoft Visual Studio Solution File, Format Version 12.00
# Visual Studio 15
VisualStudioVersion = 15.0.28010.2041
MinimumVisualStudioVersion = 10.0.40219.1
Project("{FAE04EC0-301F-11D3-BF4B-00C04F79EFBC}") = "8.9", "8.9\8.9.csproj", "{06D8ABA4-889A-4935-B31F-A21DB9E7C55C}"
EndProject
Global
	GlobalSection(SolutionConfigurationPlatforms) = preSolution
		Debug|Any CPU = Debug|Any CPU
		Release|Any CPU = Release|Any CPU
	EndGlobalSection
	GlobalSection(ProjectConfigurationPlatforms) = postSolution
		{06D8ABA4-889A-4935-B31F-A21DB9E7C55C}.Debug|Any CPU.ActiveCfg = Debug|Any CPU
		{06D8ABA4-889A-4935-B31F-A21DB9E7C55C}.Debug|Any CPU.Build.0 = Debug|Any CPU
		{06D8ABA4-889A-4935-B31F-A21DB9E7C55C}.Release|Any CPU.ActiveCfg = Release|Any CPU
		{06D8ABA4-889A-4935-B31F-A21DB9E7C55C}.Release|Any CPU.Build.0 = Release|Any CPU
	EndGlobalSection
	GlobalSection(SolutionProperties) = preSolution
		HideSolutionNode = FALSE
	EndGlobalSection
	GlobalSection(ExtensibilityGlobals) = postSolution
		SolutionGuid = {60AA99DE-125C-4272-A9F1-1AE3CA62A08F}
	EndGlobalSection
EndGlobal
