
Microsoft Visual Studio Solution File, Format Version 12.00
# Visual Studio 15
VisualStudioVersion = 15.0.28010.2041
MinimumVisualStudioVersion = 10.0.40219.1
Project("{FAE04EC0-301F-11D3-BF4B-00C04F79EFBC}") = "8.11", "8.11\8.11.csproj", "{1CBCBD26-8671-42A5-B652-BC6381623AC8}"
EndProject
Global
	GlobalSection(SolutionConfigurationPlatforms) = preSolution
		Debug|Any CPU = Debug|Any CPU
		Release|Any CPU = Release|Any CPU
	EndGlobalSection
	GlobalSection(ProjectConfigurationPlatforms) = postSolution
		{1CBCBD26-8671-42A5-B652-BC6381623AC8}.Debug|Any CPU.ActiveCfg = Debug|Any CPU
		{1CBCBD26-8671-42A5-B652-BC6381623AC8}.Debug|Any CPU.Build.0 = Debug|Any CPU
		{1CBCBD26-8671-42A5-B652-BC6381623AC8}.Release|Any CPU.ActiveCfg = Release|Any CPU
		{1CBCBD26-8671-42A5-B652-BC6381623AC8}.Release|Any CPU.Build.0 = Release|Any CPU
	EndGlobalSection
	GlobalSection(SolutionProperties) = preSolution
		HideSolutionNode = FALSE
	EndGlobalSection
	GlobalSection(ExtensibilityGlobals) = postSolution
		SolutionGuid = {95CA4C60-7294-46EF-85A2-54A00A123702}
	EndGlobalSection
EndGlobal
